
Microsoft Visual Studio Solution File, Format Version 12.00
# Visual Studio Version 16
VisualStudioVersion = 16.0.30804.86
MinimumVisualStudioVersion = 10.0.40219.1
Project("{9A19103F-16F7-4668-BE54-9A1E7A4F7556}") = "AuthServer", "AuthServer.csproj", "{9839F9A4-8016-4E22-8610-DF83889347E3}"
EndProject
Project("{9A19103F-16F7-4668-BE54-9A1E7A4F7556}") = "Api", "..\Api\Api.csproj", "{8A40DD0B-78E9-4585-A511-F58D6FB6ED57}"
EndProject
Project("{FAE04EC0-301F-11D3-BF4B-00C04F79EFBC}") = "Core", "..\Core\Core.csproj", "{7490C78B-15D0-4587-B249-E345A32077BD}"
EndProject
Global
	GlobalSection(SolutionConfigurationPlatforms) = preSolution
		Debug|Any CPU = Debug|Any CPU
		Release|Any CPU = Release|Any CPU
	EndGlobalSection
	GlobalSection(ProjectConfigurationPlatforms) = postSolution
		{9839F9A4-8016-4E22-8610-DF83889347E3}.Debug|Any CPU.ActiveCfg = Debug|Any CPU
		{9839F9A4-8016-4E22-8610-DF83889347E3}.Debug|Any CPU.Build.0 = Debug|Any CPU
		{9839F9A4-8016-4E22-8610-DF83889347E3}.Release|Any CPU.ActiveCfg = Release|Any CPU
		{9839F9A4-8016-4E22-8610-DF83889347E3}.Release|Any CPU.Build.0 = Release|Any CPU
		{8A40DD0B-78E9-4585-A511-F58D6FB6ED57}.Debug|Any CPU.ActiveCfg = Debug|Any CPU
		{8A40DD0B-78E9-4585-A511-F58D6FB6ED57}.Debug|Any CPU.Build.0 = Debug|Any CPU
		{8A40DD0B-78E9-4585-A511-F58D6FB6ED57}.Release|Any CPU.ActiveCfg = Release|Any CPU
		{8A40DD0B-78E9-4585-A511-F58D6FB6ED57}.Release|Any CPU.Build.0 = Release|Any CPU
		{7490C78B-15D0-4587-B249-E345A32077BD}.Debug|Any CPU.ActiveCfg = Debug|Any CPU
		{7490C78B-15D0-4587-B249-E345A32077BD}.Debug|Any CPU.Build.0 = Debug|Any CPU
		{7490C78B-15D0-4587-B249-E345A32077BD}.Release|Any CPU.ActiveCfg = Release|Any CPU
		{7490C78B-15D0-4587-B249-E345A32077BD}.Release|Any CPU.Build.0 = Release|Any CPU
	EndGlobalSection
	GlobalSection(SolutionProperties) = preSolution
		HideSolutionNode = FALSE
	EndGlobalSection
	GlobalSection(ExtensibilityGlobals) = postSolution
		SolutionGuid = {68B76607-14A9-4BD3-B876-6947C8C5B574}
	EndGlobalSection
EndGlobal
